{
    "_readme": [
        "This file locks the dependencies of your project to a known state",
        "Read more about it at http://getcomposer.org/doc/01-basic-usage.md#composer-lock-the-lock-file"
    ],
    "hash": "53fb78bdd8bd21611dbb5708b172136e",
    "packages": [
        {
            "name": "slim/slim",
            "version": "2.4.0",
            "source": {
                "type": "git",
                "url": "https://github.com/codeguy/Slim.git",
                "reference": "ff7d7148848fa4f45712984d7b91ac3cbced586b"
            },
            "dist": {
                "type": "zip",
                "url": "https://api.github.com/repos/codeguy/Slim/zipball/ff7d7148848fa4f45712984d7b91ac3cbced586b",
                "reference": "ff7d7148848fa4f45712984d7b91ac3cbced586b",
                "shasum": ""
            },
            "require": {
                "php": ">=5.3.0"
            },
            "suggest": {
                "ext-mcrypt": "Required for HTTP cookie encryption"
            },
            "type": "library",
            "autoload": {
                "psr-0": {
                    "Slim": "."
                }
            },
            "notification-url": "https://packagist.org/downloads/",
            "license": [
                "MIT"
            ],
            "authors": [
                {
                    "name": "Josh Lockhart",
                    "email": "info@joshlockhart.com",
                    "homepage": "http://www.joshlockhart.com/"
                }
            ],
            "description": "Slim Framework, a PHP micro framework",
            "homepage": "http://github.com/codeguy/Slim",
            "keywords": [
                "microframework",
                "rest",
                "router"
            ],
            "time": "2013-11-29 20:33:36"
        },
        {
            "name": "ufo/composer-test-bundle",
            "version": "dev-master",
            "source": {
                "type": "git",
                "url": "https://github.com/unikornflex/composer-test-bundle.git",
                "reference": "31f7259554bb9615715f53ffab7512a133ce08f4"
            },
            "dist": {
                "type": "zip",
                "url": "https://api.github.com/repos/unikornflex/composer-test-bundle/zipball/31f7259554bb9615715f53ffab7512a133ce08f4",
                "reference": "31f7259554bb9615715f53ffab7512a133ce08f4",
                "shasum": ""
            },
            "require": {
                "php": ">=5.3.0"
            },
            "type": "library",
            "autoload": {
                "psr-0": {
                    "UFO": "src"
                }
            },
            "description": "simple bundle to test composer",
            "support": {
                "source": "https://github.com/unikornflex/composer-test-bundle/tree/master",
                "issues": "https://github.com/unikornflex/composer-test-bundle/issues"
            },
            "time": "2013-12-07 12:56:34"
        }
    ],
    "packages-dev": [

    ],
    "aliases": [

    ],
    "minimum-stability": "stable",
    "stability-flags": {
        "ufo/composer-test-bundle": 20
    },
    "platform": [

    ],
    "platform-dev": [

    ]
}
